[[package]]
name = "ansicon"
version = "1.89.0"
summary = "Python wrapper for loading Jason Hood's ANSICON"

[[package]]
name = "atomicwrites"
version = "1.4.0"
requires_python = ">=2.7, !=3.0.*, !=3.1.*, !=3.2.*, !=3.3.*"
summary = "Atomic file writes."

[[package]]
name = "attrs"
version = "21.4.0"
requires_python = ">=2.7, !=3.0.*, !=3.1.*, !=3.2.*, !=3.3.*, !=3.4.*"
summary = "Classes Without Boilerplate"

[[package]]
name = "blessed"
version = "1.19.1"
requires_python = ">=2.7"
summary = "Easy, practical library for making terminal apps, by providing an elegant, well-documented interface to Colors, Keyboard input, and screen Positioning capabilities."
dependencies = [
    "jinxed>=1.1.0; platform_system == \"Windows\"",
    "six>=1.9.0",
    "wcwidth>=0.1.4",
]

[[package]]
name = "certifi"
version = "2021.10.8"
summary = "Python package for providing Mozilla's CA Bundle."

[[package]]
name = "charset-normalizer"
version = "2.0.12"
requires_python = ">=3.5.0"
summary = "The Real First Universal Charset Detector. Open, modern and actively maintained alternative to Chardet."

[[package]]
name = "colorama"
version = "0.4.4"
requires_python = ">=2.7, !=3.0.*, !=3.1.*, !=3.2.*, !=3.3.*, !=3.4.*"
summary = "Cross-platform colored terminal text."

[[package]]
name = "coverage"
version = "6.3.2"
requires_python = ">=3.7"
summary = "Code coverage measurement for Python"

[[package]]
name = "coveralls"
version = "3.3.1"
requires_python = ">= 3.5"
summary = "Show coverage stats online via coveralls.io"
dependencies = [
    "coverage!=6.0.*,!=6.1,!=6.1.1,<7.0,>=4.1",
    "docopt>=0.6.1",
    "requests>=1.0.0",
]

[[package]]
name = "docopt"
version = "0.6.2"
summary = "Pythonic argument parser, that will make you smile"

[[package]]
name = "idna"
version = "3.3"
requires_python = ">=3.5"
summary = "Internationalized Domain Names in Applications (IDNA)"

[[package]]
name = "iniconfig"
version = "1.1.1"
summary = "iniconfig: brain-dead simple config-ini parsing"

[[package]]
name = "jinxed"
version = "1.1.0"
summary = "Jinxed Terminal Library"
dependencies = [
    "ansicon; platform_system == \"Windows\"",
]

[[package]]
name = "nuitka"
version = "0.7.7"
summary = "Python compiler with full language support and CPython compatibility"

[[package]]
name = "packaging"
version = "21.3"
requires_python = ">=3.6"
summary = "Core utilities for Python packages"
dependencies = [
    "pyparsing!=3.0.5,>=2.0.2",
]

[[package]]
name = "pluggy"
version = "1.0.0"
requires_python = ">=3.6"
summary = "plugin and hook calling mechanisms for python"

[[package]]
name = "py"
version = "1.11.0"
requires_python = ">=2.7, !=3.0.*, !=3.1.*, !=3.2.*, !=3.3.*, !=3.4.*"
summary = "library with cross-python path, ini-parsing, io, code, log facilities"

[[package]]
name = "pyparsing"
version = "3.0.8"
requires_python = ">=3.6.8"
summary = "pyparsing module - Classes and methods to define and execute parsing grammars"

[[package]]
name = "pysnooper"
version = "1.1.1"
summary = "A poor man's debugger for Python."

[[package]]
name = "pytest"
version = "7.1.2"
requires_python = ">=3.7"
summary = "pytest: simple powerful testing with Python"
dependencies = [
    "atomicwrites>=1.0; sys_platform == \"win32\"",
    "attrs>=19.2.0",
    "colorama; sys_platform == \"win32\"",
    "iniconfig",
    "packaging",
    "pluggy<2.0,>=0.12",
    "py>=1.8.2",
    "tomli>=1.0.0",
]

[[package]]
name = "pytest-asyncio"
version = "0.18.3"
requires_python = ">=3.7"
summary = "Pytest support for asyncio"
dependencies = [
    "pytest>=6.1.0",
]

[[package]]
name = "requests"
version = "2.27.1"
requires_python = ">=2.7, !=3.0.*, !=3.1.*, !=3.2.*, !=3.3.*, !=3.4.*, !=3.5.*"
summary = "Python HTTP for Humans."
dependencies = [
    "certifi>=2017.4.17",
    "charset-normalizer~=2.0.0; python_version >= \"3\"",
    "idna<4,>=2.5; python_version >= \"3\"",
    "urllib3<1.27,>=1.21.1",
]

[[package]]
name = "six"
version = "1.16.0"
requires_python = ">=2.7, !=3.0.*, !=3.1.*, !=3.2.*"
summary = "Python 2 and 3 compatibility utilities"

[[package]]
name = "tomli"
version = "2.0.1"
requires_python = ">=3.7"
summary = "A lil' TOML parser"

[[package]]
name = "urllib3"
version = "1.26.9"
requires_python = ">=2.7, !=3.0.*, !=3.1.*, !=3.2.*, !=3.3.*, !=3.4.*, <4"
summary = "HTTP library with thread-safe connection pooling, file post, and more."

[[package]]
name = "wcwidth"
version = "0.2.5"
summary = "Measures the displayed width of unicode strings in a terminal"

[metadata]
lock_version = "4.1"
content_hash = "sha256:6dc0e0309f8c13985c83d438abd22c27283cd42a852e86d64c08c402f3447c82"

[metadata.files]
"ansicon 1.89.0" = [
    {url = "https://files.pythonhosted.org/packages/75/f9/f1c10e223c7b56a38109a3f2eb4e7fe9a757ea3ed3a166754fb30f65e466/ansicon-1.89.0-py2.py3-none-any.whl", hash = "sha256:f1def52d17f65c2c9682cf8370c03f541f410c1752d6a14029f97318e4b9dfec"},
    {url = "https://files.pythonhosted.org/packages/b6/e2/1c866404ddbd280efedff4a9f15abfe943cb83cde6e895022370f3a61f85/ansicon-1.89.0.tar.gz", hash = "sha256:e4d039def5768a47e4afec8e89e83ec3ae5a26bf00ad851f914d1240b444d2b1"},
]
"atomicwrites 1.4.0" = [
    {url = "https://files.pythonhosted.org/packages/2c/a0/da5f49008ec6e9a658dbf5d7310a4debd397bce0b4db03cf8a410066bb87/atomicwrites-1.4.0-py2.py3-none-any.whl", hash = "sha256:6d1784dea7c0c8d4a5172b6c620f40b6e4cbfdf96d783691f2e1302a7b88e197"},
    {url = "https://files.pythonhosted.org/packages/55/8d/74a75635f2c3c914ab5b3850112fd4b0c8039975ecb320e4449aa363ba54/atomicwrites-1.4.0.tar.gz", hash = "sha256:ae70396ad1a434f9c7046fd2dd196fc04b12f9e91ffb859164193be8b6168a7a"},
]
"attrs 21.4.0" = [
    {url = "https://files.pythonhosted.org/packages/be/be/7abce643bfdf8ca01c48afa2ddf8308c2308b0c3b239a44e57d020afa0ef/attrs-21.4.0-py2.py3-none-any.whl", hash = "sha256:2d27e3784d7a565d36ab851fe94887c5eccd6a463168875832a1be79c82828b4"},
    {url = "https://files.pythonhosted.org/packages/d7/77/ebb15fc26d0f815839ecd897b919ed6d85c050feeb83e100e020df9153d2/attrs-21.4.0.tar.gz", hash = "sha256:626ba8234211db98e869df76230a137c4c40a12d72445c45d5f5b716f076e2fd"},
]
"blessed 1.19.1" = [
    {url = "https://files.pythonhosted.org/packages/94/c5/651224a1bbcb0253fecb7af6f60fa0c9ebabcb1df01ceadb8f4dfd2528cb/blessed-1.19.1-py2.py3-none-any.whl", hash = "sha256:63b8554ae2e0e7f43749b6715c734cc8f3883010a809bf16790102563e6cf25b"},
    {url = "https://files.pythonhosted.org/packages/e5/ad/97453480e7bdfce94f05a983cf7ad7f1d90239efee53d5af28e622f0367f/blessed-1.19.1.tar.gz", hash = "sha256:9a0d099695bf621d4680dd6c73f6ad547f6a3442fbdbe80c4b1daa1edbc492fc"},
]
"certifi 2021.10.8" = [
    {url = "https://files.pythonhosted.org/packages/37/45/946c02767aabb873146011e665728b680884cd8fe70dde973c640e45b775/certifi-2021.10.8-py2.py3-none-any.whl", hash = "sha256:d62a0163eb4c2344ac042ab2bdf75399a71a2d8c7d47eac2e2ee91b9d6339569"},
    {url = "https://files.pythonhosted.org/packages/6c/ae/d26450834f0acc9e3d1f74508da6df1551ceab6c2ce0766a593362d6d57f/certifi-2021.10.8.tar.gz", hash = "sha256:78884e7c1d4b00ce3cea67b44566851c4343c120abd683433ce934a68ea58872"},
]
"charset-normalizer 2.0.12" = [
    {url = "https://files.pythonhosted.org/packages/06/b3/24afc8868eba069a7f03650ac750a778862dc34941a4bebeb58706715726/charset_normalizer-2.0.12-py3-none-any.whl", hash = "sha256:6881edbebdb17b39b4eaaa821b438bf6eddffb4468cf344f09f89def34a8b1df"},
    {url = "https://files.pythonhosted.org/packages/56/31/7bcaf657fafb3c6db8c787a865434290b726653c912085fbd371e9b92e1c/charset-normalizer-2.0.12.tar.gz", hash = "sha256:2857e29ff0d34db842cd7ca3230549d1a697f96ee6d3fb071cfa6c7393832597"},
]
"colorama 0.4.4" = [
    {url = "https://files.pythonhosted.org/packages/1f/bb/5d3246097ab77fa083a61bd8d3d527b7ae063c7d8e8671b1cf8c4ec10cbe/colorama-0.4.4.tar.gz", hash = "sha256:5941b2b48a20143d2267e95b1c2a7603ce057ee39fd88e7329b0c292aa16869b"},
    {url = "https://files.pythonhosted.org/packages/44/98/5b86278fbbf250d239ae0ecb724f8572af1c91f4a11edf4d36a206189440/colorama-0.4.4-py2.py3-none-any.whl", hash = "sha256:9f47eda37229f68eee03b24b9748937c7dc3868f906e8ba69fbcbdd3bc5dc3e2"},
]
"coverage 6.3.2" = [
    {url = "https://files.pythonhosted.org/packages/03/22/38506bc2af4fc49bb49cb76c52ed4523ff80277ad98fd46e981736419fb2/coverage-6.3.2-cp38-cp38-musllinux_1_1_x86_64.whl", hash = "sha256:fd9e830e9d8d89b20ab1e5af09b32d33e1a08ef4c4e14411e559556fd788e6b2"},
    {url = "https://files.pythonhosted.org/packages/09/c7/824aa5381bbc7e1ce4d5ad4bbdd35d309fe7f526d6f5dd01e3d8786eedde/coverage-6.3.2-cp37-cp37m-musllinux_1_1_i686.whl", hash = "sha256:b0be84e5a6209858a1d3e8d1806c46214e867ce1b0fd32e4ea03f4bd8b2e3359"},
    {url = "https://files.pythonhosted.org/packages/0a/f6/954e3593215a6dbc221305455ec8fa9db6863fa20da11c1f33babf0da642/coverage-6.3.2-cp39-cp39-win32.whl", hash = "sha256:f5fa5803f47e095d7ad8443d28b01d48c0359484fec1b9d8606d0e3282084bc4"},
    {url = "https://files.pythonhosted.org/packages/0c/58/25b4d208e0f6f00e19440385f360dc9891f8fa5ab62c11da52eb226fd9cd/coverage-6.3.2-cp38-cp38-manylinux_2_5_x86_64.manylinux1_x86_64.manylinux_2_17_x86_64.manylinux2014_x86_64.whl", hash = "sha256:8fbbdc8d55990eac1b0919ca69eb5a988a802b854488c34b8f37f3e2025fa90d"},
    {url = "https://files.pythonhosted.org/packages/0d/ac/31bb95db096b26455416aa8d8804a2a3ed93c60dc339b737b939f3f30b7b/coverage-6.3.2-cp38-cp38-musllinux_1_1_i686.whl", hash = "sha256:9baff2a45ae1f17c8078452e9e5962e518eab705e50a0aa8083733ea7d45f3a6"},
    {url = "https://files.pythonhosted.org/packages/12/92/45aef68d3eea83b3a990923e3365abf1fb8a8ad3726311e0373b0f12b5a0/coverage-6.3.2-cp37-cp37m-win32.whl", hash = "sha256:8bdde1177f2311ee552f47ae6e5aa7750c0e3291ca6b75f71f7ffe1f1dab3dca"},
    {url = "https://files.pythonhosted.org/packages/13/86/283bf36ce34332ac3e3aeb17c5c5f9ec8c59d7e74f9128006145625efbde/coverage-6.3.2-cp39-cp39-musllinux_1_1_i686.whl", hash = "sha256:dd035edafefee4d573140a76fdc785dc38829fe5a455c4bb12bac8c20cfc3d69"},
    {url = "https://files.pythonhosted.org/packages/13/e5/eaec94d3037f4300a23303819f066b72cb0c18b7789505a0a56e1e765a8e/coverage-6.3.2-cp38-cp38-macosx_10_9_x86_64.whl", hash = "sha256:07e6db90cd9686c767dcc593dff16c8c09f9814f5e9c51034066cad3373b914d"},
    {url = "https://files.pythonhosted.org/packages/15/27/bcd118626030bf7b4230432d0182e0adffd2ba1030f38a74c076a59ac680/coverage-6.3.2-cp37-cp37m-manylinux_2_17_aarch64.manylinux2014_aarch64.whl", hash = "sha256:e5f4e1edcf57ce94e5475fe09e5afa3e3145081318e5fd1a43a6b4539a97e518"},
    {url = "https://files.pythonhosted.org/packages/1c/f7/3e6cdff1210a670793aad0f87e0bc357054431450893a867302c372da6c2/coverage-6.3.2-cp38-cp38-win_amd64.whl", hash = "sha256:68353fe7cdf91f109fc7d474461b46e7f1f14e533e911a2a2cbb8b0fc8613cf1"},
    {url = "https://files.pythonhosted.org/packages/1f/94/62da36a7bfb78932f8830f49e3383ac741ec96000c27436491dd91f72743/coverage-6.3.2-cp310-cp310-musllinux_1_1_i686.whl", hash = "sha256:6f89d05e028d274ce4fa1a86887b071ae1755082ef94a6740238cd7a8178804f"},
    {url = "https://files.pythonhosted.org/packages/27/54/8c54afa7256e221fc933d399b9eab66f6541cda9415dfa3e208334ccb579/coverage-6.3.2-cp310-cp310-manylinux_2_17_aarch64.manylinux2014_aarch64.whl", hash = "sha256:f9987b0354b06d4df0f4d3e0ec1ae76d7ce7cbca9a2f98c25041eb79eec766f1"},
    {url = "https://files.pythonhosted.org/packages/2d/89/e8febcc20ea0f7b47c4178767691e68458cb0cd5e4de6adc9d7f00149d69/coverage-6.3.2-cp39-cp39-macosx_10_9_x86_64.whl", hash = "sha256:b78e5afb39941572209f71866aa0b206c12f0109835aa0d601e41552f9b3e620"},
    {url = "https://files.pythonhosted.org/packages/35/0e/046d801cc2b7e6653dea962f8cf90e3a8074ed763a8c669a89920845a0e1/coverage-6.3.2-cp310-cp310-manylinux_2_5_x86_64.manylinux1_x86_64.manylinux_2_17_x86_64.manylinux2014_x86_64.whl", hash = "sha256:4dd8bafa458b5c7d061540f1ee9f18025a68e2d8471b3e858a9dad47c8d41903"},
    {url = "https://files.pythonhosted.org/packages/36/2c/e84a4f7d83f40f1f7cfdf6dd2617c3fb4c64b7f52e1ba8f990ead000643e/coverage-6.3.2-cp39-cp39-musllinux_1_1_x86_64.whl", hash = "sha256:5ca5aeb4344b30d0bec47481536b8ba1181d50dbe783b0e4ad03c95dc1296684"},
    {url = "https://files.pythonhosted.org/packages/36/86/c388fdb4e7b5860c2a161b5f9fa85b7dfe8bfb4cbd9cf9394df2a3e3d997/coverage-6.3.2-cp37-cp37m-musllinux_1_1_aarch64.whl", hash = "sha256:8ce257cac556cb03be4a248d92ed36904a59a4a5ff55a994e92214cde15c5bad"},
    {url = "https://files.pythonhosted.org/packages/3a/f4/35d8789ec3d50d099ebdd3d7d062b58075135bdfa0fe93efded481407dec/coverage-6.3.2-cp38-cp38-win32.whl", hash = "sha256:f7331dbf301b7289013175087636bbaf5b2405e57259dd2c42fdcc9fcc47325e"},
    {url = "https://files.pythonhosted.org/packages/42/ed/91509a78c4ca8205966e0d5d4cc2a25002aa15006c9b10c23c861d8a7c25/coverage-6.3.2-cp310-cp310-win_amd64.whl", hash = "sha256:a2a8b8bcc399edb4347a5ca8b9b87e7524c0967b335fbb08a83c8421489ddee1"},
    {url = "https://files.pythonhosted.org/packages/44/ef/766282ab7f26c6407aabd50ef0163aad0eb3910ed31a8d4aff4f7c3d54c6/coverage-6.3.2-cp39-cp39-macosx_11_0_arm64.whl", hash = "sha256:4e21876082ed887baed0146fe222f861b5815455ada3b33b890f4105d806128d"},
    {url = "https://files.pythonhosted.org/packages/4a/09/f537c13407a0572f252b3e8139b9ee953ad7f8032d5cd9d9245a066949f3/coverage-6.3.2-cp37-cp37m-manylinux_2_5_i686.manylinux1_i686.manylinux_2_17_i686.manylinux2014_i686.whl", hash = "sha256:7a15dc0a14008f1da3d1ebd44bdda3e357dbabdf5a0b5034d38fcde0b5c234b7"},
    {url = "https://files.pythonhosted.org/packages/60/4e/c4a3148bf1e1dee6ec49e488b393bf7f33c3e6593ffbf4eaf2c4165050ee/coverage-6.3.2-cp310-cp310-macosx_10_9_x86_64.whl", hash = "sha256:9b27d894748475fa858f9597c0ee1d4829f44683f3813633aaf94b19cb5453cf"},
    {url = "https://files.pythonhosted.org/packages/60/a8/0f951285dff76cbedbbba89c1969586020150a3b53267b5d8674b2ead15a/coverage-6.3.2-cp39-cp39-manylinux_2_5_x86_64.manylinux1_x86_64.manylinux_2_17_x86_64.manylinux2014_x86_64.whl", hash = "sha256:dd6fe30bd519694b356cbfcaca9bd5c1737cddd20778c6a581ae20dc8c04def2"},
    {url = "https://files.pythonhosted.org/packages/66/27/47d970c3d84515ac2cc293f8f694d3fe2c5a9de949f5f502f55b5077cf9c/coverage-6.3.2-cp310-cp310-win32.whl", hash = "sha256:2fea046bfb455510e05be95e879f0e768d45c10c11509e20e06d8fcaa31d9e39"},
    {url = "https://files.pythonhosted.org/packages/6f/1a/43ba57ee4cea84f4981a96b11c12678de03b0cdf8e1f011a67326e29db73/coverage-6.3.2-cp39-cp39-win_amd64.whl", hash = "sha256:9548f10d8be799551eb3a9c74bbf2b4934ddb330e08a73320123c07f95cc2d92"},
    {url = "https://files.pythonhosted.org/packages/70/11/4598a267b3f10f50d40280faf7e43cc2024c8a970f94ee69ed39c73cd17c/coverage-6.3.2-cp39-cp39-musllinux_1_1_aarch64.whl", hash = "sha256:96f8a1cb43ca1422f36492bebe63312d396491a9165ed3b9231e778d43a7fca4"},
    {url = "https://files.pythonhosted.org/packages/70/ff/82ef52268fc7d2c23c72e50b45159aee0eadccde548ab5783a334832ba66/coverage-6.3.2-cp37-cp37m-macosx_10_9_x86_64.whl", hash = "sha256:f1555ea6d6da108e1999b2463ea1003fe03f29213e459145e70edbaf3e004aaa"},
    {url = "https://files.pythonhosted.org/packages/74/fb/f481628033d42f6f6021af8a9a13d913707221e139567f39b09b337421b9/coverage-6.3.2.tar.gz", hash = "sha256:03e2a7826086b91ef345ff18742ee9fc47a6839ccd517061ef8fa1976e652ce9"},
    {url = "https://files.pythonhosted.org/packages/80/ce/fb43fb39eaf7c880586c6958b515cfaa85f9236996fb2ef6ec6ad62b58ab/coverage-6.3.2-cp39-cp39-manylinux_2_17_aarch64.manylinux2014_aarch64.whl", hash = "sha256:34626a7eee2a3da12af0507780bb51eb52dca0e1751fd1471d0810539cefb536"},
    {url = "https://files.pythonhosted.org/packages/82/34/1920e7a59217c8bc841ad5de12813802e0db7cb5c6d6395acd1f9e78253b/coverage-6.3.2-cp38-cp38-manylinux_2_5_i686.manylinux1_i686.manylinux_2_17_i686.manylinux2014_i686.whl", hash = "sha256:8cf5cfcb1521dc3255d845d9dca3ff204b3229401994ef8d1984b32746bb45ca"},
    {url = "https://files.pythonhosted.org/packages/8e/39/d3bc33bea5180ed18feba96de51b5deba6e330e2fc3b487f3117fcf391bc/coverage-6.3.2-cp38-cp38-macosx_11_0_arm64.whl", hash = "sha256:2c6dbb42f3ad25760010c45191e9757e7dce981cbfb90e42feef301d71540059"},
    {url = "https://files.pythonhosted.org/packages/93/20/cce510ad6ee47ad3e3a9993bc83eaa8df5aead5c0b68b769f10fc7daad45/coverage-6.3.2-pp36.pp37.pp38-none-any.whl", hash = "sha256:18d520c6860515a771708937d2f78f63cc47ab3b80cb78e86573b0a760161faf"},
    {url = "https://files.pythonhosted.org/packages/96/f3/4fc49284fc8f679c1c830e1ba5f1039777f012b081b9e751c891189d0a45/coverage-6.3.2-cp39-cp39-manylinux_2_5_i686.manylinux1_i686.manylinux_2_17_i686.manylinux2014_i686.whl", hash = "sha256:1ebf730d2381158ecf3dfd4453fbca0613e16eaa547b4170e2450c9707665ce7"},
    {url = "https://files.pythonhosted.org/packages/9a/c8/a12c482a7911da3aa44aa81613a60fbf671a86715fc5714bfbeb77428a85/coverage-6.3.2-cp310-cp310-manylinux_2_5_i686.manylinux1_i686.manylinux_2_17_i686.manylinux2014_i686.whl", hash = "sha256:26e2deacd414fc2f97dd9f7676ee3eaecd299ca751412d89f40bc01557a6b1b4"},
    {url = "https://files.pythonhosted.org/packages/a6/42/286654245c1770af4c6a9c05a8b5190a4b09235a09837032cb32492e7df6/coverage-6.3.2-cp37-cp37m-manylinux_2_5_x86_64.manylinux1_x86_64.manylinux_2_17_x86_64.manylinux2014_x86_64.whl", hash = "sha256:21b7745788866028adeb1e0eca3bf1101109e2dc58456cb49d2d9b99a8c516e6"},
    {url = "https://files.pythonhosted.org/packages/a8/e9/49ccc950eaaf7dbec433f1432f3bf6acc8c796c99bdde98e0710245e505a/coverage-6.3.2-cp37-cp37m-musllinux_1_1_x86_64.whl", hash = "sha256:acf53bc2cf7282ab9b8ba346746afe703474004d9e566ad164c91a7a59f188a4"},
    {url = "https://files.pythonhosted.org/packages/bd/02/c076c26acc825fc73076119c7a9bebbce2fbab1b637a63cea7b69fd3ed87/coverage-6.3.2-cp310-cp310-musllinux_1_1_x86_64.whl", hash = "sha256:58303469e9a272b4abdb9e302a780072c0633cdcc0165db7eec0f9e32f901e05"},
    {url = "https://files.pythonhosted.org/packages/df/10/b633bda27aec6fc14dbba79243cf52e183235d8fb89b167a8420bcf5989a/coverage-6.3.2-cp37-cp37m-win_amd64.whl", hash = "sha256:b31651d018b23ec463e95cf10070d0b2c548aa950a03d0b559eaa11c7e5a6fa3"},
    {url = "https://files.pythonhosted.org/packages/e2/4c/b6e1d6c228351e44d7abffc03b4eff4028db575d503087ac514178924711/coverage-6.3.2-cp310-cp310-musllinux_1_1_aarch64.whl", hash = "sha256:46191097ebc381fbf89bdce207a6c107ac4ec0890d8d20f3360345ff5976155c"},
    {url = "https://files.pythonhosted.org/packages/eb/52/9e0b0303348f27b115e50abfb3fa4e6bd018c584b6a77536a04122cfa776/coverage-6.3.2-cp310-cp310-macosx_11_0_arm64.whl", hash = "sha256:37d1141ad6b2466a7b53a22e08fe76994c2d35a5b6b469590424a9953155afac"},
    {url = "https://files.pythonhosted.org/packages/f2/45/824cb20113fa6a2bf97b6f4a592361a30460f8f24335e033f2d31ee1a487/coverage-6.3.2-cp38-cp38-manylinux_2_17_aarch64.manylinux2014_aarch64.whl", hash = "sha256:c76aeef1b95aff3905fb2ae2d96e319caca5b76fa41d3470b19d4e4a3a313512"},
    {url = "https://files.pythonhosted.org/packages/fe/ae/1574d61ed41a8d82a5643affcd9beb7f626cbcab3d09c8a714054f670d75/coverage-6.3.2-cp38-cp38-musllinux_1_1_aarch64.whl", hash = "sha256:ec6bc7fe73a938933d4178c9b23c4e0568e43e220aef9472c4f6044bfc6dd0f0"},
]
"coveralls 3.3.1" = [
    {url = "https://files.pythonhosted.org/packages/56/d6/e95db3c56afd1eff815db7dda01908f5e57770e47042209db448ab496197/coveralls-3.3.1-py2.py3-none-any.whl", hash = "sha256:f42015f31d386b351d4226389b387ae173207058832fbf5c8ec4b40e27b16026"},
    {url = "https://files.pythonhosted.org/packages/c2/c5/6b8254092117fa366b022fbee9434224483ba38e0bbf36e80836bf10692a/coveralls-3.3.1.tar.gz", hash = "sha256:b32a8bb5d2df585207c119d6c01567b81fba690c9c10a753bfe27a335bfc43ea"},
]
"docopt 0.6.2" = [
    {url = "https://files.pythonhosted.org/packages/a2/55/8f8cab2afd404cf578136ef2cc5dfb50baa1761b68c9da1fb1e4eed343c9/docopt-0.6.2.tar.gz", hash = "sha256:49b3a825280bd66b3aa83585ef59c4a8c82f2c8a522dbe754a8bc8d08c85c491"},
]
"idna 3.3" = [
    {url = "https://files.pythonhosted.org/packages/04/a2/d918dcd22354d8958fe113e1a3630137e0fc8b44859ade3063982eacd2a4/idna-3.3-py3-none-any.whl", hash = "sha256:84d9dd047ffa80596e0f246e2eab0b391788b0503584e8945f2368256d2735ff"},
    {url = "https://files.pythonhosted.org/packages/62/08/e3fc7c8161090f742f504f40b1bccbfc544d4a4e09eb774bf40aafce5436/idna-3.3.tar.gz", hash = "sha256:9d643ff0a55b762d5cdb124b8eaa99c66322e2157b69160bc32796e824360e6d"},
]
"iniconfig 1.1.1" = [
    {url = "https://files.pythonhosted.org/packages/23/a2/97899f6bd0e873fed3a7e67ae8d3a08b21799430fb4da15cfedf10d6e2c2/iniconfig-1.1.1.tar.gz", hash = "sha256:bc3af051d7d14b2ee5ef9969666def0cd1a000e121eaea580d4a313df4b37f32"},
    {url = "https://files.pythonhosted.org/packages/9b/dd/b3c12c6d707058fa947864b67f0c4e0c39ef8610988d7baea9578f3c48f3/iniconfig-1.1.1-py2.py3-none-any.whl", hash = "sha256:011e24c64b7f47f6ebd835bb12a743f2fbe9a26d4cecaa7f53bc4f35ee9da8b3"},
]
"jinxed 1.1.0" = [
    {url = "https://files.pythonhosted.org/packages/81/c0/ef7c7ddcf23b82010bbdbc639e6eae92ecf2b73277aa69df5fbf6b850d82/jinxed-1.1.0-py2.py3-none-any.whl", hash = "sha256:6a61ccf963c16aa885304f27e6e5693783676897cea0c7f223270c8b8e78baf8"},
    {url = "https://files.pythonhosted.org/packages/f8/a5/1a00a62686fe32a7f36edbcec5db8c7def822ab7d5c54af78be520ecd423/jinxed-1.1.0.tar.gz", hash = "sha256:d8f1731f134e9e6b04d95095845ae6c10eb15cb223a5f0cabdea87d4a279c305"},
]
"nuitka 0.7.7" = [
    {url = "https://files.pythonhosted.org/packages/c8/1c/a3914c06f90e1c5c1b19ca6ad05675802f733cf4c1fbac3df06def2b6ccc/Nuitka-0.7.7.tar.gz", hash = "sha256:c2bac25edae92d3ab00f6d16f9e32e5f25f55508e1e380b0ab0120e46e4b1767"},
]
"packaging 21.3" = [
    {url = "https://files.pythonhosted.org/packages/05/8e/8de486cbd03baba4deef4142bd643a3e7bbe954a784dc1bb17142572d127/packaging-21.3-py3-none-any.whl", hash = "sha256:ef103e05f519cdc783ae24ea4e2e0f508a9c99b2d4969652eed6a2e1ea5bd522"},
    {url = "https://files.pythonhosted.org/packages/df/9e/d1a7217f69310c1db8fdf8ab396229f55a699ce34a203691794c5d1cad0c/packaging-21.3.tar.gz", hash = "sha256:dd47c42927d89ab911e606518907cc2d3a1f38bbd026385970643f9c5b8ecfeb"},
]
"pluggy 1.0.0" = [
    {url = "https://files.pythonhosted.org/packages/9e/01/f38e2ff29715251cf25532b9082a1589ab7e4f571ced434f98d0139336dc/pluggy-1.0.0-py2.py3-none-any.whl", hash = "sha256:74134bbf457f031a36d68416e1509f34bd5ccc019f0bcc952c7b909d06b37bd3"},
    {url = "https://files.pythonhosted.org/packages/a1/16/db2d7de3474b6e37cbb9c008965ee63835bba517e22cdb8c35b5116b5ce1/pluggy-1.0.0.tar.gz", hash = "sha256:4224373bacce55f955a878bf9cfa763c1e360858e330072059e10bad68531159"},
]
"py 1.11.0" = [
    {url = "https://files.pythonhosted.org/packages/98/ff/fec109ceb715d2a6b4c4a85a61af3b40c723a961e8828319fbcb15b868dc/py-1.11.0.tar.gz", hash = "sha256:51c75c4126074b472f746a24399ad32f6053d1b34b68d2fa41e558e6f4a98719"},
    {url = "https://files.pythonhosted.org/packages/f6/f0/10642828a8dfb741e5f3fbaac830550a518a775c7fff6f04a007259b0548/py-1.11.0-py2.py3-none-any.whl", hash = "sha256:607c53218732647dff4acdfcd50cb62615cedf612e72d1724fb1a0cc6405b378"},
]
"pyparsing 3.0.8" = [
    {url = "https://files.pythonhosted.org/packages/31/df/789bd0556e65cf931a5b87b603fcf02f79ff04d5379f3063588faaf9c1e4/pyparsing-3.0.8.tar.gz", hash = "sha256:7bf433498c016c4314268d95df76c81b842a4cb2b276fa3312cfb1e1d85f6954"},
    {url = "https://files.pythonhosted.org/packages/d9/41/d9cfb4410589805cd787f8a82cddd13142d9bf7449d12adf2d05a4a7d633/pyparsing-3.0.8-py3-none-any.whl", hash = "sha256:ef7b523f6356f763771559412c0d7134753f037822dad1b16945b7b846f7ad06"},
]
"pysnooper 1.1.1" = [
    {url = "https://files.pythonhosted.org/packages/35/f0/f3f36d0a87d4f2e3ceb9ba273cac9ad6fb0924f078e51c94803f10b55dbf/PySnooper-1.1.1-py2.py3-none-any.whl", hash = "sha256:378f13d731a3e04d3d0350e5f295bdd0f1b49fc8a8b8bf2067fe1e5290bd20be"},
    {url = "https://files.pythonhosted.org/packages/e9/82/3f6d0f73c9fd19bf07953d788e34d1c64c766a03e54625bf9fe98d730822/PySnooper-1.1.1.tar.gz", hash = "sha256:d17dc91cca1593c10230dce45e46b1d3ff0f8910f0c38e941edf6ba1260b3820"},
]
"pytest 7.1.2" = [
    {url = "https://files.pythonhosted.org/packages/4e/1f/34657c6ac56f3c58df650ba41f8ffb2620281ead8e11bcdc7db63cf72a78/pytest-7.1.2.tar.gz", hash = "sha256:a06a0425453864a270bc45e71f783330a7428defb4230fb5e6a731fde06ecd45"},
    {url = "https://files.pythonhosted.org/packages/fb/d0/bae533985f2338c5d02184b4a7083b819f6b3fc101da792e0d96e6e5299d/pytest-7.1.2-py3-none-any.whl", hash = "sha256:13d0e3ccfc2b6e26be000cb6568c832ba67ba32e719443bfe725814d3c42433c"},
]
"pytest-asyncio 0.18.3" = [
    {url = "https://files.pythonhosted.org/packages/4d/73/769d29676fb36a36e5a57c198154171081aabcfd08112a24a4e3fb5c9f10/pytest-asyncio-0.18.3.tar.gz", hash = "sha256:7659bdb0a9eb9c6e3ef992eef11a2b3e69697800ad02fb06374a210d85b29f91"},
    {url = "https://files.pythonhosted.org/packages/8b/d6/4ecdd0c5b49a2209131b6af78baa643cec35f213abbc54d0eb1542b3786d/pytest_asyncio-0.18.3-1-py3-none-any.whl", hash = "sha256:16cf40bdf2b4fb7fc8e4b82bd05ce3fbcd454cbf7b92afc445fe299dabb88213"},
    {url = "https://files.pythonhosted.org/packages/ac/4b/7c400506ec484ec999b10133aa8e31af39dfc727042dc6944cd45fd927d0/pytest_asyncio-0.18.3-py3-none-any.whl", hash = "sha256:8fafa6c52161addfd41ee7ab35f11836c5a16ec208f93ee388f752bea3493a84"},
]
"requests 2.27.1" = [
    {url = "https://files.pythonhosted.org/packages/2d/61/08076519c80041bc0ffa1a8af0cbd3bf3e2b62af10435d269a9d0f40564d/requests-2.27.1-py2.py3-none-any.whl", hash = "sha256:f22fa1e554c9ddfd16e6e41ac79759e17be9e492b3587efa038054674760e72d"},
    {url = "https://files.pythonhosted.org/packages/60/f3/26ff3767f099b73e0efa138a9998da67890793bfa475d8278f84a30fec77/requests-2.27.1.tar.gz", hash = "sha256:68d7c56fd5a8999887728ef304a6d12edc7be74f1cfa47714fc8b414525c9a61"},
]
"six 1.16.0" = [
    {url = "https://files.pythonhosted.org/packages/71/39/171f1c67cd00715f190ba0b100d606d440a28c93c7714febeca8b79af85e/six-1.16.0.tar.gz", hash = "sha256:1e61c37477a1626458e36f7b1d82aa5c9b094fa4802892072e49de9c60c4c926"},
    {url = "https://files.pythonhosted.org/packages/d9/5a/e7c31adbe875f2abbb91bd84cf2dc52d792b5a01506781dbcf25c91daf11/six-1.16.0-py2.py3-none-any.whl", hash = "sha256:8abb2f1d86890a2dfb989f9a77cfcfd3e47c2a354b01111771326f8aa26e0254"},
]
"tomli 2.0.1" = [
    {url = "https://files.pythonhosted.org/packages/97/75/10a9ebee3fd790d20926a90a2547f0bf78f371b2f13aa822c759680ca7b9/tomli-2.0.1-py3-none-any.whl", hash = "sha256:939de3e7a6161af0c887ef91b7d41a53e7c5a1ca976325f429cb46ea9bc30ecc"},
    {url = "https://files.pythonhosted.org/packages/c0/3f/d7af728f075fb08564c5949a9c95e44352e23dee646869fa104a3b2060a3/tomli-2.0.1.tar.gz", hash = "sha256:de526c12914f0c550d15924c62d72abc48d6fe7364aa87328337a31007fe8a4f"},
]
"urllib3 1.26.9" = [
    {url = "https://files.pythonhosted.org/packages/1b/a5/4eab74853625505725cefdf168f48661b2cd04e7843ab836f3f63abf81da/urllib3-1.26.9.tar.gz", hash = "sha256:aabaf16477806a5e1dd19aa41f8c2b7950dd3c746362d7e3223dbe6de6ac448e"},
    {url = "https://files.pythonhosted.org/packages/ec/03/062e6444ce4baf1eac17a6a0ebfe36bb1ad05e1df0e20b110de59c278498/urllib3-1.26.9-py2.py3-none-any.whl", hash = "sha256:44ece4d53fb1706f667c9bd1c648f5469a2ec925fcf3a776667042d645472c14"},
]
"wcwidth 0.2.5" = [
    {url = "https://files.pythonhosted.org/packages/59/7c/e39aca596badaf1b78e8f547c807b04dae603a433d3e7a7e04d67f2ef3e5/wcwidth-0.2.5-py2.py3-none-any.whl", hash = "sha256:beb4802a9cebb9144e99086eff703a642a13d6a0052920003a230f3294bbe784"},
    {url = "https://files.pythonhosted.org/packages/89/38/459b727c381504f361832b9e5ace19966de1a235d73cdbdea91c771a1155/wcwidth-0.2.5.tar.gz", hash = "sha256:c4d647b99872929fdb7bdcaa4fbe7f01413ed3d98077df798530e5b04f116c83"},
]
